
Microsoft Visual Studio Solution File, Format Version 12.00
# Visual Studio Version 17
VisualStudioVersion = 17.14.36221.1
MinimumVisualStudioVersion = 10.0.40219.1
Project("{FAE04EC0-301F-11D3-BF4B-00C04F79EFBC}") = "DotNetHelper.Cleaner", "DotNetHelper.Cleaner\DotNetHelper.Cleaner.csproj", "{DFE481AE-AEB9-4F07-9A58-D9911CB5CFD9}"
EndProject
Project("{FAE04EC0-301F-11D3-BF4B-00C04F79EFBC}") = "DotNetHelper.Scheduler", "DotNetHelper.Scheduler\DotNetHelper.Scheduler.csproj", "{1E760373-7F79-4DB2-917D-A5A9C7B1C942}"
EndProject
Project("{FAE04EC0-301F-11D3-BF4B-00C04F79EFBC}") = "DotNetHelper.Logger", "DotNetHelper.Logger\DotNetHelper.Logger.csproj", "{9E3709CD-8CEB-4F59-A8BC-858C2C18AC1D}"
EndProject
Project("{FAE04EC0-301F-11D3-BF4B-00C04F79EFBC}") = "DotNetHelper.LifeTime", "DotNetHelper.LifeTime\DotNetHelper.LifeTime.csproj", "{AF82AAFA-87C5-422B-8FBB-636C06E19A9E}"
EndProject
Global
	GlobalSection(SolutionConfigurationPlatforms) = preSolution
		Debug|Any CPU = Debug|Any CPU
		Release|Any CPU = Release|Any CPU
	EndGlobalSection
	GlobalSection(ProjectConfigurationPlatforms) = postSolution
		{DFE481AE-AEB9-4F07-9A58-D9911CB5CFD9}.Debug|Any CPU.ActiveCfg = Debug|Any CPU
		{DFE481AE-AEB9-4F07-9A58-D9911CB5CFD9}.Debug|Any CPU.Build.0 = Debug|Any CPU
		{DFE481AE-AEB9-4F07-9A58-D9911CB5CFD9}.Release|Any CPU.ActiveCfg = Release|Any CPU
		{DFE481AE-AEB9-4F07-9A58-D9911CB5CFD9}.Release|Any CPU.Build.0 = Release|Any CPU
		{1E760373-7F79-4DB2-917D-A5A9C7B1C942}.Debug|Any CPU.ActiveCfg = Debug|Any CPU
		{1E760373-7F79-4DB2-917D-A5A9C7B1C942}.Debug|Any CPU.Build.0 = Debug|Any CPU
		{1E760373-7F79-4DB2-917D-A5A9C7B1C942}.Release|Any CPU.ActiveCfg = Release|Any CPU
		{1E760373-7F79-4DB2-917D-A5A9C7B1C942}.Release|Any CPU.Build.0 = Release|Any CPU
		{9E3709CD-8CEB-4F59-A8BC-858C2C18AC1D}.Debug|Any CPU.ActiveCfg = Debug|Any CPU
		{9E3709CD-8CEB-4F59-A8BC-858C2C18AC1D}.Debug|Any CPU.Build.0 = Debug|Any CPU
		{9E3709CD-8CEB-4F59-A8BC-858C2C18AC1D}.Release|Any CPU.ActiveCfg = Release|Any CPU
		{9E3709CD-8CEB-4F59-A8BC-858C2C18AC1D}.Release|Any CPU.Build.0 = Release|Any CPU
		{AF82AAFA-87C5-422B-8FBB-636C06E19A9E}.Debug|Any CPU.ActiveCfg = Debug|Any CPU
		{AF82AAFA-87C5-422B-8FBB-636C06E19A9E}.Debug|Any CPU.Build.0 = Debug|Any CPU
		{AF82AAFA-87C5-422B-8FBB-636C06E19A9E}.Release|Any CPU.ActiveCfg = Release|Any CPU
		{AF82AAFA-87C5-422B-8FBB-636C06E19A9E}.Release|Any CPU.Build.0 = Release|Any CPU
	EndGlobalSection
	GlobalSection(SolutionProperties) = preSolution
		HideSolutionNode = FALSE
	EndGlobalSection
	GlobalSection(ExtensibilityGlobals) = postSolution
		SolutionGuid = {6B95B69B-1E63-4BB0-ADFA-E22487DA4063}
	EndGlobalSection
EndGlobal
